// !$*UTF8*$!
{
	archiveVersion = 1;
	classes = {
	};
	objectVersion = 50;
	objects = {

/* Begin PBXBuildFile section */
		BBA5F95C261B8DBF002E2796 /* AppDelegate.swift in Sources */ = {isa = PBXBuildFile; fileRef = BBA5F95B261B8DBF002E2796 /* AppDelegate.swift */; };
		BBA5F95E261B8DBF002E2796 /* SceneDelegate.swift in Sources */ = {isa = PBXBuildFile; fileRef = BBA5F95D261B8DBF002E2796 /* SceneDelegate.swift */; };
		BBA5F960261B8DBF002E2796 /* ViewController.swift in Sources */ = {isa = PBXBuildFile; fileRef = BBA5F95F261B8DBF002E2796 /* ViewController.swift */; };
		BBA5F963261B8DBF002E2796 /* Main.storyboard in Resources */ = {isa = PBXBuildFile; fileRef = BBA5F961261B8DBF002E2796 /* Main.storyboard */; };
		BBA5F965261B8DC1002E2796 /* Assets.xcassets in Resources */ = {isa = PBXBuildFile; fileRef = BBA5F964261B8DC1002E2796 /* Assets.xcassets */; };
		BBA5F968261B8DC1002E2796 /* LaunchScreen.storyboard in Resources */ = {isa = PBXBuildFile; fileRef = BBA5F966261B8DC1002E2796 /* LaunchScreen.storyboard */; };
		BBA5F973261B8DC2002E2796 /* I_Am_PoorTests.swift in Sources */ = {isa = PBXBuildFile; fileRef = BBA5F972261B8DC2002E2796 /* I_Am_PoorTests.swift */; };
		BBA5F97E261B8DC2002E2796 /* I_Am_PoorUITests.swift in Sources */ = {isa = PBXBuildFile; fileRef = BBA5F97D261B8DC2002E2796 /* I_Am_PoorUITests.swift */; };
/* End PBXBuildFile section */

/* Begin PBXContainerItemProxy section */
		BBA5F96F261B8DC2002E2796 /* PBXContainerItemProxy */ = {
			isa = PBXContainerItemProxy;
			containerPortal = BBA5F950261B8DBF002E2796 /* Project object */;
			proxyType = 1;
			remoteGlobalIDString = BBA5F957261B8DBF002E2796;
			remoteInfo = "I Am Poor";
		};
		BBA5F97A261B8DC2002E2796 /* PBXContainerItemProxy */ = {
			isa = PBXContainerItemProxy;
			containerPortal = BBA5F950261B8DBF002E2796 /* Project object */;
			proxyType = 1;
			remoteGlobalIDString = BBA5F957261B8DBF002E2796;
			remoteInfo = "I Am Poor";
		};
/* End PBXContainerItemProxy section */

/* Begin PBXFileReference section */
		BBA5F958261B8DBF002E2796 /* I Am Poor.app */ = {isa = PBXFileReference; explicitFileType = wrapper.application; includeInIndex = 0; path = "I Am Poor.app"; sourceTree = BUILT_PRODUCTS_DIR; };
		BBA5F95B261B8DBF002E2796 /* AppDelegate.swift */ = {isa = PBXFileReference; lastKnownFileType = sourcecode.swift; path = AppDelegate.swift; sourceTree = "<group>"; };
		BBA5F95D261B8DBF002E2796 /* SceneDelegate.swift */ = {isa = PBXFileReference; lastKnownFileType = sourcecode.swift; path = SceneDelegate.swift; sourceTree = "<group>"; };
		BBA5F95F261B8DBF002E2796 /* ViewController.swift */ = {isa = PBXFileReference; lastKnownFileType = sourcecode.swift; path = ViewController.swift; sourceTree = "<group>"; };
		BBA5F962261B8DBF002E2796 /* Base */ = {isa = PBXFileReference; lastKnownFileType = file.storyboard; name = Base; path = Base.lproj/Main.storyboard; sourceTree = "<group>"; };
		BBA5F964261B8DC1002E2796 /* Assets.xcassets */ = {isa = PBXFileReference; lastKnownFileType = folder.assetcatalog; path = Assets.xcassets; sourceTree = "<group>"; };
		BBA5F967261B8DC1002E2796 /* Base */ = {isa = PBXFileReference; lastKnownFileType = file.storyboard; name = Base; path = Base.lproj/LaunchScreen.storyboard; sourceTree = "<group>"; };
		BBA5F969261B8DC1002E2796 /* Info.plist */ = {isa = PBXFileReference; lastKnownFileType = text.plist.xml; path = Info.plist; sourceTree = "<group>"; };
		BBA5F96E261B8DC2002E2796 /* I Am PoorTests.xctest */ = {isa = PBXFileReference; explicitFileType = wrapper.cfbundle; includeInIndex = 0; path = "I Am PoorTests.xctest"; sourceTree = BUILT_PRODUCTS_DIR; };
		BBA5F972261B8DC2002E2796 /* I_Am_PoorTests.swift */ = {isa = PBXFileReference; lastKnownFileType = sourcecode.swift; path = I_Am_PoorTests.swift; sourceTree = "<group>"; };
		BBA5F974261B8DC2002E2796 /* Info.plist */ = {isa = PBXFileReference; lastKnownFileType = text.plist.xml; path = Info.plist; sourceTree = "<group>"; };
		BBA5F979261B8DC2002E2796 /* I Am PoorUITests.xctest */ = {isa = PBXFileReference; explicitFileType = wrapper.cfbundle; includeInIndex = 0; path = "I Am PoorUITests.xctest"; sourceTree = BUILT_PRODUCTS_DIR; };
		BBA5F97D261B8DC2002E2796 /* I_Am_PoorUITests.swift */ = {isa = PBXFileReference; lastKnownFileType = sourcecode.swift; path = I_Am_PoorUITests.swift; sourceTree = "<group>"; };
		BBA5F97F261B8DC2002E2796 /* Info.plist */ = {isa = PBXFileReference; lastKnownFileType = text.plist.xml; path = Info.plist; sourceTree = "<group>"; };
/* End PBXFileReference section */

/* Begin PBXFrameworksBuildPhase section */
		BBA5F955261B8DBF002E2796 /* Frameworks */ = {
			isa = PBXFrameworksBuildPhase;
			buildActionMask = 2147483647;
			files = (
			);
			runOnlyForDeploymentPostprocessing = 0;
		};
		BBA5F96B261B8DC2002E2796 /* Frameworks */ = {
			isa = PBXFrameworksBuildPhase;
			buildActionMask = 2147483647;
			files = (
			);
			runOnlyForDeploymentPostprocessing = 0;
		};
		BBA5F976261B8DC2002E2796 /* Frameworks */ = {
			isa = PBXFrameworksBuildPhase;
			buildActionMask = 2147483647;
			files = (
			);
			runOnlyForDeploymentPostprocessing = 0;
		};
/* End PBXFrameworksBuildPhase section */

/* Begin PBXGroup section */
		BBA5F94F261B8DBF002E2796 = {
			isa = PBXGroup;
			children = (
				BBA5F95A261B8DBF002E2796 /* I Am Poor */,
				BBA5F971261B8DC2002E2796 /* I Am PoorTests */,
				BBA5F97C261B8DC2002E2796 /* I Am PoorUITests */,
				BBA5F959261B8DBF002E2796 /* Products */,
			);
			sourceTree = "<group>";
		};
		BBA5F959261B8DBF002E2796 /* Products */ = {
			isa = PBXGroup;
			children = (
				BBA5F958261B8DBF002E2796 /* I Am Poor.app */,
				BBA5F96E261B8DC2002E2796 /* I Am PoorTests.xctest */,
				BBA5F979261B8DC2002E2796 /* I Am PoorUITests.xctest */,
			);
			name = Products;
			sourceTree = "<group>";
		};
		BBA5F95A261B8DBF002E2796 /* I Am Poor */ = {
			isa = PBXGroup;
			children = (
				BBA5F95B261B8DBF002E2796 /* AppDelegate.swift */,
				BBA5F95D261B8DBF002E2796 /* SceneDelegate.swift */,
				BBA5F95F261B8DBF002E2796 /* ViewController.swift */,
				BBA5F961261B8DBF002E2796 /* Main.storyboard */,
				BBA5F964261B8DC1002E2796 /* Assets.xcassets */,
				BBA5F966261B8DC1002E2796 /* LaunchScreen.storyboard */,
				BBA5F969261B8DC1002E2796 /* Info.plist */,
			);
			path = "I Am Poor";
			sourceTree = "<group>";
		};
		BBA5F971261B8DC2002E2796 /* I Am PoorTests */ = {
			isa = PBXGroup;
			children = (
				BBA5F972261B8DC2002E2796 /* I_Am_PoorTests.swift */,
				BBA5F974261B8DC2002E2796 /* Info.plist */,
			);
			path = "I Am PoorTests";
			sourceTree = "<group>";
		};
		BBA5F97C261B8DC2002E2796 /* I Am PoorUITests */ = {
			isa = PBXGroup;
			children = (
				BBA5F97D261B8DC2002E2796 /* I_Am_PoorUITests.swift */,
				BBA5F97F261B8DC2002E2796 /* Info.plist */,
			);
			path = "I Am PoorUITests";
			sourceTree = "<group>";
		};
/* End PBXGroup section */

/* Begin PBXNativeTarget section */
		BBA5F957261B8DBF002E2796 /* I Am Poor */ = {
			isa = PBXNativeTarget;
			buildConfigurationList = BBA5F982261B8DC2002E2796 /* Build configuration list for PBXNativeTarget "I Am Poor" */;
			buildPhases = (
				BBA5F954261B8DBF002E2796 /* Sources */,
				BBA5F955261B8DBF002E2796 /* Frameworks */,
				BBA5F956261B8DBF002E2796 /* Resources */,
			);
			buildRules = (
			);
			dependencies = (
			);
			name = "I Am Poor";
			productName = "I Am Poor";
			productReference = BBA5F958261B8DBF002E2796 /* I Am Poor.app */;
			productType = "com.apple.product-type.application";
		};
		BBA5F96D261B8DC2002E2796 /* I Am PoorTests */ = {
			isa = PBXNativeTarget;
			buildConfigurationList = BBA5F985261B8DC2002E2796 /* Build configuration list for PBXNativeTarget "I Am PoorTests" */;
			buildPhases = (
				BBA5F96A261B8DC2002E2796 /* Sources */,
				BBA5F96B261B8DC2002E2796 /* Frameworks */,
				BBA5F96C261B8DC2002E2796 /* Resources */,
			);
			buildRules = (
			);
			dependencies = (
				BBA5F970261B8DC2002E2796 /* PBXTargetDependency */,
			);
			name = "I Am PoorTests";
			productName = "I Am PoorTests";
			productReference = BBA5F96E261B8DC2002E2796 /* I Am PoorTests.xctest */;
			productType = "com.apple.product-type.bundle.unit-test";
		};
		BBA5F978261B8DC2002E2796 /* I Am PoorUITests */ = {
			isa = PBXNativeTarget;
			buildConfigurationList = BBA5F988261B8DC2002E2796 /* Build configuration list for PBXNativeTarget "I Am PoorUITests" */;
			buildPhases = (
				BBA5F975261B8DC2002E2796 /* Sources */,
				BBA5F976261B8DC2002E2796 /* Frameworks */,
				BBA5F977261B8DC2002E2796 /* Resources */,
			);
			buildRules = (
			);
			dependencies = (
				BBA5F97B261B8DC2002E2796 /* PBXTargetDependency */,
			);
			name = "I Am PoorUITests";
			productName = "I Am PoorUITests";
			productReference = BBA5F979261B8DC2002E2796 /* I Am PoorUITests.xctest */;
			productType = "com.apple.product-type.bundle.ui-testing";
		};
/* End PBXNativeTarget section */

/* Begin PBXProject section */
		BBA5F950261B8DBF002E2796 /* Project object */ = {
			isa = PBXProject;
			attributes = {
				LastSwiftUpdateCheck = 1240;
				LastUpgradeCheck = 1240;
				TargetAttributes = {
					BBA5F957261B8DBF002E2796 = {
						CreatedOnToolsVersion = 12.4;
					};
					BBA5F96D261B8DC2002E2796 = {
						CreatedOnToolsVersion = 12.4;
						TestTargetID = BBA5F957261B8DBF002E2796;
					};
					BBA5F978261B8DC2002E2796 = {
						CreatedOnToolsVersion = 12.4;
						TestTargetID = BBA5F957261B8DBF002E2796;
					};
				};
			};
			buildConfigurationList = BBA5F953261B8DBF002E2796 /* Build configuration list for PBXProject "I Am Poor" */;
			compatibilityVersion = "Xcode 9.3";
			developmentRegion = en;
			hasScannedForEncodings = 0;
			knownRegions = (
				en,
				Base,
			);
			mainGroup = BBA5F94F261B8DBF002E2796;
			productRefGroup = BBA5F959261B8DBF002E2796 /* Products */;
			projectDirPath = "";
			projectRoot = "";
			targets = (
				BBA5F957261B8DBF002E2796 /* I Am Poor */,
				BBA5F96D261B8DC2002E2796 /* I Am PoorTests */,
				BBA5F978261B8DC2002E2796 /* I Am PoorUITests */,
			);
		};
/* End PBXProject section */

/* Begin PBXResourcesBuildPhase section */
		BBA5F956261B8DBF002E2796 /* Resources */ = {
			isa = PBXResourcesBuildPhase;
			buildActionMask = 2147483647;
			files = (
				BBA5F968261B8DC1002E2796 /* LaunchScreen.storyboard in Resources */,
				BBA5F965261B8DC1002E2796 /* Assets.xcassets in Resources */,
				BBA5F963261B8DBF002E2796 /* Main.storyboard in Resources */,
			);
			runOnlyForDeploymentPostprocessing = 0;
		};
		BBA5F96C261B8DC2002E2796 /* Resources */ = {
			isa = PBXResourcesBuildPhase;
			buildActionMask = 2147483647;
			files = (
			);
			runOnlyForDeploymentPostprocessing = 0;
		};
		BBA5F977261B8DC2002E2796 /* Resources */ = {
			isa = PBXResourcesBuildPhase;
			buildActionMask = 2147483647;
			files = (
			);
			runOnlyForDeploymentPostprocessing = 0;
		};
/* End PBXResourcesBuildPhase section */

/* Begin PBXSourcesBuildPhase section */
		BBA5F954261B8DBF002E2796 /* Sources */ = {
			isa = PBXSourcesBuildPhase;
			buildActionMask = 2147483647;
			files = (
				BBA5F960261B8DBF002E2796 /* ViewController.swift in Sources */,
				BBA5F95C261B8DBF002E2796 /* AppDelegate.swift in Sources */,
				BBA5F95E261B8DBF002E2796 /* SceneDelegate.swift in Sources */,
			);
			runOnlyForDeploymentPostprocessing = 0;
		};
		BBA5F96A261B8DC2002E2796 /* Sources */ = {
			isa = PBXSourcesBuildPhase;
			buildActionMask = 2147483647;
			files = (
				BBA5F973261B8DC2002E2796 /* I_Am_PoorTests.swift in Sources */,
			);
			runOnlyForDeploymentPostprocessing = 0;
		};
		BBA5F975261B8DC2002E2796 /* Sources */ = {
			isa = PBXSourcesBuildPhase;
			buildActionMask = 2147483647;
			files = (
				BBA5F97E261B8DC2002E2796 /* I_Am_PoorUITests.swift in Sources */,
			);
			runOnlyForDeploymentPostprocessing = 0;
		};
/* End PBXSourcesBuildPhase section */

/* Begin PBXTargetDependency section */
		BBA5F970261B8DC2002E2796 /* PBXTargetDependency */ = {
			isa = PBXTargetDependency;
			target = BBA5F957261B8DBF002E2796 /* I Am Poor */;
			targetProxy = BBA5F96F261B8DC2002E2796 /* PBXContainerItemProxy */;
		};
		BBA5F97B261B8DC2002E2796 /* PBXTargetDependency */ = {
			isa = PBXTargetDependency;
			target = BBA5F957261B8DBF002E2796 /* I Am Poor */;
			targetProxy = BBA5F97A261B8DC2002E2796 /* PBXContainerItemProxy */;
		};
/* End PBXTargetDependency section */

/* Begin PBXVariantGroup section */
		BBA5F961261B8DBF002E2796 /* Main.storyboard */ = {
			isa = PBXVariantGroup;
			children = (
				BBA5F962261B8DBF002E2796 /* Base */,
			);
			name = Main.storyboard;
			sourceTree = "<group>";
		};
		BBA5F966261B8DC1002E2796 /* LaunchScreen.storyboard */ = {
			isa = PBXVariantGroup;
			children = (
				BBA5F967261B8DC1002E2796 /* Base */,
			);
			name = LaunchScreen.storyboard;
			sourceTree = "<group>";
		};
/* End PBXVariantGroup section */

/* Begin XCBuildConfiguration section */
		BBA5F980261B8DC2002E2796 /* Debug */ = {
			isa = XCBuildConfiguration;
			buildSettings = {
				ALWAYS_SEARCH_USER_PATHS = NO;
				CLANG_ANALYZER_NONNULL = YES;
				CLANG_ANALYZER_NUMBER_OBJECT_CONVERSION = YES_AGGRESSIVE;
				CLANG_CXX_LANGUAGE_STANDARD = "gnu++14";
				CLANG_CXX_LIBRARY = "libc++";
				CLANG_ENABLE_MODULES = YES;
				CLANG_ENABLE_OBJC_ARC = YES;
				CLANG_ENABLE_OBJC_WEAK = YES;
				CLANG_WARN_BLOCK_CAPTURE_AUTORELEASING = YES;
				CLANG_WARN_BOOL_CONVERSION = YES;
				CLANG_WARN_COMMA = YES;
				CLANG_WARN_CONSTANT_CONVERSION = YES;
				CLANG_WARN_DEPRECATED_OBJC_IMPLEMENTATIONS = YES;
				CLANG_WARN_DIRECT_OBJC_ISA_USAGE = YES_ERROR;
				CLANG_WARN_DOCUMENTATION_COMMENTS = YES;
				CLANG_WARN_EMPTY_BODY = YES;
				CLANG_WARN_ENUM_CONVERSION = YES;
				CLANG_WARN_INFINITE_RECURSION = YES;
				CLANG_WARN_INT_CONVERSION = YES;
				CLANG_WARN_NON_LITERAL_NULL_CONVERSION = YES;
				CLANG_WARN_OBJC_IMPLICIT_RETAIN_SELF = YES;
				CLANG_WARN_OBJC_LITERAL_CONVERSION = YES;
				CLANG_WARN_OBJC_ROOT_CLASS = YES_ERROR;
				CLANG_WARN_QUOTED_INCLUDE_IN_FRAMEWORK_HEADER = YES;
				CLANG_WARN_RANGE_LOOP_ANALYSIS = YES;
				CLANG_WARN_STRICT_PROTOTYPES = YES;
				CLANG_WARN_SUSPICIOUS_MOVE = YES;
				CLANG_WARN_UNGUARDED_AVAILABILITY = YES_AGGRESSIVE;
				CLANG_WARN_UNREACHABLE_CODE = YES;
				CLANG_WARN__DUPLICATE_METHOD_MATCH = YES;
				COPY_PHASE_STRIP = NO;
				DEBUG_INFORMATION_FORMAT = dwarf;
				ENABLE_STRICT_OBJC_MSGSEND = YES;
				ENABLE_TESTABILITY = YES;
				GCC_C_LANGUAGE_STANDARD = gnu11;
				GCC_DYNAMIC_NO_PIC = NO;
				GCC_NO_COMMON_BLOCKS = YES;
				GCC_OPTIMIZATION_LEVEL = 0;
				GCC_PREPROCESSOR_DEFINITIONS = (
					"DEBUG=1",
					"$(inherited)",
				);
				GCC_WARN_64_TO_32_BIT_CONVERSION = YES;
				GCC_WARN_ABOUT_RETURN_TYPE = YES_ERROR;
				GCC_WARN_UNDECLARED_SELECTOR = YES;
				GCC_WARN_UNINITIALIZED_AUTOS = YES_AGGRESSIVE;
				GCC_WARN_UNUSED_FUNCTION = YES;
				GCC_WARN_UNUSED_VARIABLE = YES;
				IPHONEOS_DEPLOYMENT_TARGET = 14.4;
				MTL_ENABLE_DEBUG_INFO = INCLUDE_SOURCE;
				MTL_FAST_MATH = YES;
				ONLY_ACTIVE_ARCH = YES;
				SDKROOT = iphoneos;
				SWIFT_ACTIVE_COMPILATION_CONDITIONS = DEBUG;
				SWIFT_OPTIMIZATION_LEVEL = "-Onone";
			};
			name = Debug;
		};
		BBA5F981261B8DC2002E2796 /* Release */ = {
			isa = XCBuildConfiguration;
			buildSettings = {
				ALWAYS_SEARCH_USER_PATHS = NO;
				CLANG_ANALYZER_NONNULL = YES;
				CLANG_ANALYZER_NUMBER_OBJECT_CONVERSION = YES_AGGRESSIVE;
				CLANG_CXX_LANGUAGE_STANDARD = "gnu++14";
				CLANG_CXX_LIBRARY = "libc++";
				CLANG_ENABLE_MODULES = YES;
				CLANG_ENABLE_OBJC_ARC = YES;
				CLANG_ENABLE_OBJC_WEAK = YES;
				CLANG_WARN_BLOCK_CAPTURE_AUTORELEASING = YES;
				CLANG_WARN_BOOL_CONVERSION = YES;
				CLANG_WARN_COMMA = YES;
				CLANG_WARN_CONSTANT_CONVERSION = YES;
				CLANG_WARN_DEPRECATED_OBJC_IMPLEMENTATIONS = YES;
				CLANG_WARN_DIRECT_OBJC_ISA_USAGE = YES_ERROR;
				CLANG_WARN_DOCUMENTATION_COMMENTS = YES;
				CLANG_WARN_EMPTY_BODY = YES;
				CLANG_WARN_ENUM_CONVERSION = YES;
				CLANG_WARN_INFINITE_RECURSION = YES;
				CLANG_WARN_INT_CONVERSION = YES;
				CLANG_WARN_NON_LITERAL_NULL_CONVERSION = YES;
				CLANG_WARN_OBJC_IMPLICIT_RETAIN_SELF = YES;
				CLANG_WARN_OBJC_LITERAL_CONVERSION = YES;
				CLANG_WARN_OBJC_ROOT_CLASS = YES_ERROR;
				CLANG_WARN_QUOTED_INCLUDE_IN_FRAMEWORK_HEADER = YES;
				CLANG_WARN_RANGE_LOOP_ANALYSIS = YES;
				CLANG_WARN_STRICT_PROTOTYPES = YES;
				CLANG_WARN_SUSPICIOUS_MOVE = YES;
				CLANG_WARN_UNGUARDED_AVAILABILITY = YES_AGGRESSIVE;
				CLANG_WARN_UNREACHABLE_CODE = YES;
				CLANG_WARN__DUPLICATE_METHOD_MATCH = YES;
				COPY_PHASE_STRIP = NO;
				DEBUG_INFORMATION_FORMAT = "dwarf-with-dsym";
				ENABLE_NS_ASSERTIONS = NO;
				ENABLE_STRICT_OBJC_MSGSEND = YES;
				GCC_C_LANGUAGE_STANDARD = gnu11;
				GCC_NO_COMMON_BLOCKS = YES;
				GCC_WARN_64_TO_32_BIT_CONVERSION = YES;
				GCC_WARN_ABOUT_RETURN_TYPE = YES_ERROR;
				GCC_WARN_UNDECLARED_SELECTOR = YES;
				GCC_WARN_UNINITIALIZED_AUTOS = YES_AGGRESSIVE;
				GCC_WARN_UNUSED_FUNCTION = YES;
				GCC_WARN_UNUSED_VARIABLE = YES;
				IPHONEOS_DEPLOYMENT_TARGET = 14.4;
				MTL_ENABLE_DEBUG_INFO = NO;
				MTL_FAST_MATH = YES;
				SDKROOT = iphoneos;
				SWIFT_COMPILATION_MODE = wholemodule;
				SWIFT_OPTIMIZATION_LEVEL = "-O";
				VALIDATE_PRODUCT = YES;
			};
			name = Release;
		};
		BBA5F983261B8DC2002E2796 /* Debug */ = {
			isa = XCBuildConfiguration;
			buildSettings = {
				ASSETCATALOG_COMPILER_APPICON_NAME = AppIcon;
				ASSETCATALOG_COMPILER_GLOBAL_ACCENT_COLOR_NAME = AccentColor;
				CODE_SIGN_STYLE = Automatic;
				DEVELOPMENT_TEAM = F6X3AYZ489;
				INFOPLIST_FILE = "I Am Poor/Info.plist";
				LD_RUNPATH_SEARCH_PATHS = (
					"$(inherited)",
					"@executable_path/Frameworks",
				);
				PRODUCT_BUNDLE_IDENTIFIER = "com.joaoarmando.I-Am-Poor";
				PRODUCT_NAME = "$(TARGET_NAME)";
				SWIFT_VERSION = 5.0;
				TARGETED_DEVICE_FAMILY = "1,2";
			};
			name = Debug;
		};
		BBA5F984261B8DC2002E2796 /* Release */ = {
			isa = XCBuildConfiguration;
			buildSettings = {
				ASSETCATALOG_COMPILER_APPICON_NAME = AppIcon;
				ASSETCATALOG_COMPILER_GLOBAL_ACCENT_COLOR_NAME = AccentColor;
				CODE_SIGN_STYLE = Automatic;
				DEVELOPMENT_TEAM = F6X3AYZ489;
				INFOPLIST_FILE = "I Am Poor/Info.plist";
				LD_RUNPATH_SEARCH_PATHS = (
					"$(inherited)",
					"@executable_path/Frameworks",
				);
				PRODUCT_BUNDLE_IDENTIFIER = "com.joaoarmando.I-Am-Poor";
				PRODUCT_NAME = "$(TARGET_NAME)";
				SWIFT_VERSION = 5.0;
				TARGETED_DEVICE_FAMILY = "1,2";
			};
			name = Release;
		};
		BBA5F986261B8DC2002E2796 /* Debug */ = {
			isa = XCBuildConfiguration;
			buildSettings = {
				ALWAYS_EMBED_SWIFT_STANDARD_LIBRARIES = YES;
				BUNDLE_LOADER = "$(TEST_HOST)";
				CODE_SIGN_STYLE = Automatic;
				DEVELOPMENT_TEAM = F6X3AYZ489;
				INFOPLIST_FILE = "I Am PoorTests/Info.plist";
				IPHONEOS_DEPLOYMENT_TARGET = 14.4;
				LD_RUNPATH_SEARCH_PATHS = (
					"$(inherited)",
					"@executable_path/Frameworks",
					"@loader_path/Frameworks",
				);
				PRODUCT_BUNDLE_IDENTIFIER = "com.joaoarmando.I-Am-PoorTests";
				PRODUCT_NAME = "$(TARGET_NAME)";
				SWIFT_VERSION = 5.0;
				TARGETED_DEVICE_FAMILY = "1,2";
				TEST_HOST = "$(BUILT_PRODUCTS_DIR)/I Am Poor.app/I Am Poor";
			};
			name = Debug;
		};
		BBA5F987261B8DC2002E2796 /* Release */ = {
			isa = XCBuildConfiguration;
			buildSettings = {
				ALWAYS_EMBED_SWIFT_STANDARD_LIBRARIES = YES;
				BUNDLE_LOADER = "$(TEST_HOST)";
				CODE_SIGN_STYLE = Automatic;
				DEVELOPMENT_TEAM = F6X3AYZ489;
				INFOPLIST_FILE = "I Am PoorTests/Info.plist";
				IPHONEOS_DEPLOYMENT_TARGET = 14.4;
				LD_RUNPATH_SEARCH_PATHS = (
					"$(inherited)",
					"@executable_path/Frameworks",
					"@loader_path/Frameworks",
				);
				PRODUCT_BUNDLE_IDENTIFIER = "com.joaoarmando.I-Am-PoorTests";
				PRODUCT_NAME = "$(TARGET_NAME)";
				SWIFT_VERSION = 5.0;
				TARGETED_DEVICE_FAMILY = "1,2";
				TEST_HOST = "$(BUILT_PRODUCTS_DIR)/I Am Poor.app/I Am Poor";
			};
			name = Release;
		};
		BBA5F989261B8DC2002E2796 /* Debug */ = {
			isa = XCBuildConfiguration;
			buildSettings = {
				ALWAYS_EMBED_SWIFT_STANDARD_LIBRARIES = YES;
				CODE_SIGN_STYLE = Automatic;
				DEVELOPMENT_TEAM = F6X3AYZ489;
				INFOPLIST_FILE = "I Am PoorUITests/Info.plist";
				LD_RUNPATH_SEARCH_PATHS = (
					"$(inherited)",
					"@executable_path/Frameworks",
					"@loader_path/Frameworks",
				);
				PRODUCT_BUNDLE_IDENTIFIER = "com.joaoarmando.I-Am-PoorUITests";
				PRODUCT_NAME = "$(TARGET_NAME)";
				SWIFT_VERSION = 5.0;
				TARGETED_DEVICE_FAMILY = "1,2";
				TEST_TARGET_NAME = "I Am Poor";
			};
			name = Debug;
		};
		BBA5F98A261B8DC2002E2796 /* Release */ = {
			isa = XCBuildConfiguration;
			buildSettings = {
				ALWAYS_EMBED_SWIFT_STANDARD_LIBRARIES = YES;
				CODE_SIGN_STYLE = Automatic;
				DEVELOPMENT_TEAM = F6X3AYZ489;
				INFOPLIST_FILE = "I Am PoorUITests/Info.plist";
				LD_RUNPATH_SEARCH_PATHS = (
					"$(inherited)",
					"@executable_path/Frameworks",
					"@loader_path/Frameworks",
				);
				PRODUCT_BUNDLE_IDENTIFIER = "com.joaoarmando.I-Am-PoorUITests";
				PRODUCT_NAME = "$(TARGET_NAME)";
				SWIFT_VERSION = 5.0;
				TARGETED_DEVICE_FAMILY = "1,2";
				TEST_TARGET_NAME = "I Am Poor";
			};
			name = Release;
		};
/* End XCBuildConfiguration section */

/* Begin XCConfigurationList section */
		BBA5F953261B8DBF002E2796 /* Build configuration list for PBXProject "I Am Poor" */ = {
			isa = XCConfigurationList;
			buildConfigurations = (
				BBA5F980261B8DC2002E2796 /* Debug */,
				BBA5F981261B8DC2002E2796 /* Release */,
			);
			defaultConfigurationIsVisible = 0;
			defaultConfigurationName = Release;
		};
		BBA5F982261B8DC2002E2796 /* Build configuration list for PBXNativeTarget "I Am Poor" */ = {
			isa = XCConfigurationList;
			buildConfigurations = (
				BBA5F983261B8DC2002E2796 /* Debug */,
				BBA5F984261B8DC2002E2796 /* Release */,
			);
			defaultConfigurationIsVisible = 0;
			defaultConfigurationName = Release;
		};
		BBA5F985261B8DC2002E2796 /* Build configuration list for PBXNativeTarget "I Am PoorTests" */ = {
			isa = XCConfigurationList;
			buildConfigurations = (
				BBA5F986261B8DC2002E2796 /* Debug */,
				BBA5F987261B8DC2002E2796 /* Release */,
			);
			defaultConfigurationIsVisible = 0;
			defaultConfigurationName = Release;
		};
		BBA5F988261B8DC2002E2796 /* Build configuration list for PBXNativeTarget "I Am PoorUITests" */ = {
			isa = XCConfigurationList;
			buildConfigurations = (
				BBA5F989261B8DC2002E2796 /* Debug */,
				BBA5F98A261B8DC2002E2796 /* Release */,
			);
			defaultConfigurationIsVisible = 0;
			defaultConfigurationName = Release;
		};
/* End XCConfigurationList section */
	};
	rootObject = BBA5F950261B8DBF002E2796 /* Project object */;
}
